
Microsoft Visual Studio Solution File, Format Version 12.00
# Visual Studio Version 17
VisualStudioVersion = 17.4.33213.308
MinimumVisualStudioVersion = 10.0.40219.1
Project("{FAE04EC0-301F-11D3-BF4B-00C04F79EFBC}") = "lplollads", "lplollads.csproj", "{F03D9AE2-C784-4F99-946F-58C14A68A7F7}"
EndProject
Global
	GlobalSection(SolutionConfigurationPlatforms) = preSolution
		Debug|Any CPU = Debug|Any CPU
		Release|Any CPU = Release|Any CPU
	EndGlobalSection
	GlobalSection(ProjectConfigurationPlatforms) = postSolution
		{F03D9AE2-C784-4F99-946F-58C14A68A7F7}.Debug|Any CPU.ActiveCfg = Debug|Any CPU
		{F03D9AE2-C784-4F99-946F-58C14A68A7F7}.Debug|Any CPU.Build.0 = Debug|Any CPU
		{F03D9AE2-C784-4F99-946F-58C14A68A7F7}.Release|Any CPU.ActiveCfg = Release|Any CPU
		{F03D9AE2-C784-4F99-946F-58C14A68A7F7}.Release|Any CPU.Build.0 = Release|Any CPU
	EndGlobalSection
	GlobalSection(SolutionProperties) = preSolution
		HideSolutionNode = FALSE
	EndGlobalSection
	GlobalSection(ExtensibilityGlobals) = postSolution
		SolutionGuid = {0CDA4177-BE6C-4F9D-9FE6-C1376B469CBF}
	EndGlobalSection
EndGlobal
